// !$*UTF8*$!
{
	archiveVersion = 1;
	classes = {
	};
	objectVersion = 46;
	objects = {

/* Begin PBXBuildFile section */
		9646C07C1E6CE1900068BB7C /* AppDelegate.swift in Sources */ = {isa = PBXBuildFile; fileRef = 9646C07B1E6CE1900068BB7C /* AppDelegate.swift */; };
		9646C07E1E6CE1910068BB7C /* ViewController.swift in Sources */ = {isa = PBXBuildFile; fileRef = 9646C07D1E6CE1910068BB7C /* ViewController.swift */; };
		9646C0811E6CE1920068BB7C /* Main.storyboard in Resources */ = {isa = PBXBuildFile; fileRef = 9646C07F1E6CE1920068BB7C /* Main.storyboard */; };
		9646C0831E6CE1930068BB7C /* Assets.xcassets in Resources */ = {isa = PBXBuildFile; fileRef = 9646C0821E6CE1930068BB7C /* Assets.xcassets */; };
		9646C0861E6CE1940068BB7C /* LaunchScreen.storyboard in Resources */ = {isa = PBXBuildFile; fileRef = 9646C0841E6CE1940068BB7C /* LaunchScreen.storyboard */; };
		9646C0911E6CE1960068BB7C /* SectionsTests.swift in Sources */ = {isa = PBXBuildFile; fileRef = 9646C0901E6CE1960068BB7C /* SectionsTests.swift */; };
		9646C09C1E6CE1960068BB7C /* SectionsUITests.swift in Sources */ = {isa = PBXBuildFile; fileRef = 9646C09B1E6CE1960068BB7C /* SectionsUITests.swift */; };
		9646C0AA1E6CE3EE0068BB7C /* sortednames.plist in Resources */ = {isa = PBXBuildFile; fileRef = 9646C0A91E6CE3EE0068BB7C /* sortednames.plist */; };
		9646C0AC1E6CECCA0068BB7C /* SearchResultsController.swift in Sources */ = {isa = PBXBuildFile; fileRef = 9646C0AB1E6CECC70068BB7C /* SearchResultsController.swift */; };
/* End PBXBuildFile section */

/* Begin PBXContainerItemProxy section */
		9646C08D1E6CE1960068BB7C /* PBXContainerItemProxy */ = {
			isa = PBXContainerItemProxy;
			containerPortal = 9646C0701E6CE18D0068BB7C /* Project object */;
			proxyType = 1;
			remoteGlobalIDString = 9646C0771E6CE18F0068BB7C;
			remoteInfo = Sections;
		};
		9646C0981E6CE1960068BB7C /* PBXContainerItemProxy */ = {
			isa = PBXContainerItemProxy;
			containerPortal = 9646C0701E6CE18D0068BB7C /* Project object */;
			proxyType = 1;
			remoteGlobalIDString = 9646C0771E6CE18F0068BB7C;
			remoteInfo = Sections;
		};
/* End PBXContainerItemProxy section */

/* Begin PBXFileReference section */
		9646C0781E6CE18F0068BB7C /* Sections.app */ = {isa = PBXFileReference; explicitFileType = wrapper.application; includeInIndex = 0; path = Sections.app; sourceTree = BUILT_PRODUCTS_DIR; };
		9646C07B1E6CE1900068BB7C /* AppDelegate.swift */ = {isa = PBXFileReference; lastKnownFileType = sourcecode.swift; path = AppDelegate.swift; sourceTree = "<group>"; };
		9646C07D1E6CE1910068BB7C /* ViewController.swift */ = {isa = PBXFileReference; lastKnownFileType = sourcecode.swift; path = ViewController.swift; sourceTree = "<group>"; };
		9646C0801E6CE1920068BB7C /* Base */ = {isa = PBXFileReference; lastKnownFileType = file.storyboard; name = Base; path = Base.lproj/Main.storyboard; sourceTree = "<group>"; };
		9646C0821E6CE1930068BB7C /* Assets.xcassets */ = {isa = PBXFileReference; lastKnownFileType = folder.assetcatalog; path = Assets.xcassets; sourceTree = "<group>"; };
		9646C0851E6CE1940068BB7C /* Base */ = {isa = PBXFileReference; lastKnownFileType = file.storyboard; name = Base; path = Base.lproj/LaunchScreen.storyboard; sourceTree = "<group>"; };
		9646C0871E6CE1950068BB7C /* Info.plist */ = {isa = PBXFileReference; lastKnownFileType = text.plist.xml; path = Info.plist; sourceTree = "<group>"; };
		9646C08C1E6CE1960068BB7C /* SectionsTests.xctest */ = {isa = PBXFileReference; explicitFileType = wrapper.cfbundle; includeInIndex = 0; path = SectionsTests.xctest; sourceTree = BUILT_PRODUCTS_DIR; };
		9646C0901E6CE1960068BB7C /* SectionsTests.swift */ = {isa = PBXFileReference; lastKnownFileType = sourcecode.swift; path = SectionsTests.swift; sourceTree = "<group>"; };
		9646C0921E6CE1960068BB7C /* Info.plist */ = {isa = PBXFileReference; lastKnownFileType = text.plist.xml; path = Info.plist; sourceTree = "<group>"; };
		9646C0971E6CE1960068BB7C /* SectionsUITests.xctest */ = {isa = PBXFileReference; explicitFileType = wrapper.cfbundle; includeInIndex = 0; path = SectionsUITests.xctest; sourceTree = BUILT_PRODUCTS_DIR; };
		9646C09B1E6CE1960068BB7C /* SectionsUITests.swift */ = {isa = PBXFileReference; lastKnownFileType = sourcecode.swift; path = SectionsUITests.swift; sourceTree = "<group>"; };
		9646C09D1E6CE1960068BB7C /* Info.plist */ = {isa = PBXFileReference; lastKnownFileType = text.plist.xml; path = Info.plist; sourceTree = "<group>"; };
		9646C0A91E6CE3EE0068BB7C /* sortednames.plist */ = {isa = PBXFileReference; fileEncoding = 4; lastKnownFileType = text.plist.xml; name = sortednames.plist; path = ../../../../Downloads/sortednames.plist; sourceTree = "<group>"; };
		9646C0AB1E6CECC70068BB7C /* SearchResultsController.swift */ = {isa = PBXFileReference; fileEncoding = 4; lastKnownFileType = sourcecode.swift; path = SearchResultsController.swift; sourceTree = "<group>"; };
/* End PBXFileReference section */

/* Begin PBXFrameworksBuildPhase section */
		9646C0751E6CE18F0068BB7C /* Frameworks */ = {
			isa = PBXFrameworksBuildPhase;
			buildActionMask = 2147483647;
			files = (
			);
			runOnlyForDeploymentPostprocessing = 0;
		};
		9646C0891E6CE1960068BB7C /* Frameworks */ = {
			isa = PBXFrameworksBuildPhase;
			buildActionMask = 2147483647;
			files = (
			);
			runOnlyForDeploymentPostprocessing = 0;
		};
		9646C0941E6CE1960068BB7C /* Frameworks */ = {
			isa = PBXFrameworksBuildPhase;
			buildActionMask = 2147483647;
			files = (
			);
			runOnlyForDeploymentPostprocessing = 0;
		};
/* End PBXFrameworksBuildPhase section */

/* Begin PBXGroup section */
		9646C06F1E6CE18D0068BB7C = {
			isa = PBXGroup;
			children = (
				9646C07A1E6CE18F0068BB7C /* Sections */,
				9646C08F1E6CE1960068BB7C /* SectionsTests */,
				9646C09A1E6CE1960068BB7C /* SectionsUITests */,
				9646C0791E6CE18F0068BB7C /* Products */,
			);
			sourceTree = "<group>";
		};
		9646C0791E6CE18F0068BB7C /* Products */ = {
			isa = PBXGroup;
			children = (
				9646C0781E6CE18F0068BB7C /* Sections.app */,
				9646C08C1E6CE1960068BB7C /* SectionsTests.xctest */,
				9646C0971E6CE1960068BB7C /* SectionsUITests.xctest */,
			);
			name = Products;
			sourceTree = "<group>";
		};
		9646C07A1E6CE18F0068BB7C /* Sections */ = {
			isa = PBXGroup;
			children = (
				9646C0A91E6CE3EE0068BB7C /* sortednames.plist */,
				9646C07B1E6CE1900068BB7C /* AppDelegate.swift */,
				9646C07D1E6CE1910068BB7C /* ViewController.swift */,
				9646C07F1E6CE1920068BB7C /* Main.storyboard */,
				9646C0821E6CE1930068BB7C /* Assets.xcassets */,
				9646C0841E6CE1940068BB7C /* LaunchScreen.storyboard */,
				9646C0871E6CE1950068BB7C /* Info.plist */,
				9646C0AB1E6CECC70068BB7C /* SearchResultsController.swift */,
			);
			path = Sections;
			sourceTree = "<group>";
		};
		9646C08F1E6CE1960068BB7C /* SectionsTests */ = {
			isa = PBXGroup;
			children = (
				9646C0901E6CE1960068BB7C /* SectionsTests.swift */,
				9646C0921E6CE1960068BB7C /* Info.plist */,
			);
			path = SectionsTests;
			sourceTree = "<group>";
		};
		9646C09A1E6CE1960068BB7C /* SectionsUITests */ = {
			isa = PBXGroup;
			children = (
				9646C09B1E6CE1960068BB7C /* SectionsUITests.swift */,
				9646C09D1E6CE1960068BB7C /* Info.plist */,
			);
			path = SectionsUITests;
			sourceTree = "<group>";
		};
/* End PBXGroup section */

/* Begin PBXNativeTarget section */
		9646C0771E6CE18F0068BB7C /* Sections */ = {
			isa = PBXNativeTarget;
			buildConfigurationList = 9646C0A01E6CE1960068BB7C /* Build configuration list for PBXNativeTarget "Sections" */;
			buildPhases = (
				9646C0741E6CE18F0068BB7C /* Sources */,
				9646C0751E6CE18F0068BB7C /* Frameworks */,
				9646C0761E6CE18F0068BB7C /* Resources */,
			);
			buildRules = (
			);
			dependencies = (
			);
			name = Sections;
			productName = Sections;
			productReference = 9646C0781E6CE18F0068BB7C /* Sections.app */;
			productType = "com.apple.product-type.application";
		};
		9646C08B1E6CE1960068BB7C /* SectionsTests */ = {
			isa = PBXNativeTarget;
			buildConfigurationList = 9646C0A31E6CE1960068BB7C /* Build configuration list for PBXNativeTarget "SectionsTests" */;
			buildPhases = (
				9646C0881E6CE1960068BB7C /* Sources */,
				9646C0891E6CE1960068BB7C /* Frameworks */,
				9646C08A1E6CE1960068BB7C /* Resources */,
			);
			buildRules = (
			);
			dependencies = (
				9646C08E1E6CE1960068BB7C /* PBXTargetDependency */,
			);
			name = SectionsTests;
			productName = SectionsTests;
			productReference = 9646C08C1E6CE1960068BB7C /* SectionsTests.xctest */;
			productType = "com.apple.product-type.bundle.unit-test";
		};
		9646C0961E6CE1960068BB7C /* SectionsUITests */ = {
			isa = PBXNativeTarget;
			buildConfigurationList = 9646C0A61E6CE1960068BB7C /* Build configuration list for PBXNativeTarget "SectionsUITests" */;
			buildPhases = (
				9646C0931E6CE1960068BB7C /* Sources */,
				9646C0941E6CE1960068BB7C /* Frameworks */,
				9646C0951E6CE1960068BB7C /* Resources */,
			);
			buildRules = (
			);
			dependencies = (
				9646C0991E6CE1960068BB7C /* PBXTargetDependency */,
			);
			name = SectionsUITests;
			productName = SectionsUITests;
			productReference = 9646C0971E6CE1960068BB7C /* SectionsUITests.xctest */;
			productType = "com.apple.product-type.bundle.ui-testing";
		};
/* End PBXNativeTarget section */

/* Begin PBXProject section */
		9646C0701E6CE18D0068BB7C /* Project object */ = {
			isa = PBXProject;
			attributes = {
				LastSwiftUpdateCheck = 0820;
				LastUpgradeCheck = 0820;
				ORGANIZATIONNAME = "Jason Mendez";
				TargetAttributes = {
					9646C0771E6CE18F0068BB7C = {
						CreatedOnToolsVersion = 8.2.1;
						ProvisioningStyle = Automatic;
					};
					9646C08B1E6CE1960068BB7C = {
						CreatedOnToolsVersion = 8.2.1;
						ProvisioningStyle = Automatic;
						TestTargetID = 9646C0771E6CE18F0068BB7C;
					};
					9646C0961E6CE1960068BB7C = {
						CreatedOnToolsVersion = 8.2.1;
						ProvisioningStyle = Automatic;
						TestTargetID = 9646C0771E6CE18F0068BB7C;
					};
				};
			};
			buildConfigurationList = 9646C0731E6CE18E0068BB7C /* Build configuration list for PBXProject "Sections" */;
			compatibilityVersion = "Xcode 3.2";
			developmentRegion = English;
			hasScannedForEncodings = 0;
			knownRegions = (
				en,
				Base,
			);
			mainGroup = 9646C06F1E6CE18D0068BB7C;
			productRefGroup = 9646C0791E6CE18F0068BB7C /* Products */;
			projectDirPath = "";
			projectRoot = "";
			targets = (
				9646C0771E6CE18F0068BB7C /* Sections */,
				9646C08B1E6CE1960068BB7C /* SectionsTests */,
				9646C0961E6CE1960068BB7C /* SectionsUITests */,
			);
		};
/* End PBXProject section */

/* Begin PBXResourcesBuildPhase section */
		9646C0761E6CE18F0068BB7C /* Resources */ = {
			isa = PBXResourcesBuildPhase;
			buildActionMask = 2147483647;
			files = (
				9646C0AA1E6CE3EE0068BB7C /* sortednames.plist in Resources */,
				9646C0861E6CE1940068BB7C /* LaunchScreen.storyboard in Resources */,
				9646C0831E6CE1930068BB7C /* Assets.xcassets in Resources */,
				9646C0811E6CE1920068BB7C /* Main.storyboard in Resources */,
			);
			runOnlyForDeploymentPostprocessing = 0;
		};
		9646C08A1E6CE1960068BB7C /* Resources */ = {
			isa = PBXResourcesBuildPhase;
			buildActionMask = 2147483647;
			files = (
			);
			runOnlyForDeploymentPostprocessing = 0;
		};
		9646C0951E6CE1960068BB7C /* Resources */ = {
			isa = PBXResourcesBuildPhase;
			buildActionMask = 2147483647;
			files = (
			);
			runOnlyForDeploymentPostprocessing = 0;
		};
/* End PBXResourcesBuildPhase section */

/* Begin PBXSourcesBuildPhase section */
		9646C0741E6CE18F0068BB7C /* Sources */ = {
			isa = PBXSourcesBuildPhase;
			buildActionMask = 2147483647;
			files = (
				9646C07E1E6CE1910068BB7C /* ViewController.swift in Sources */,
				9646C0AC1E6CECCA0068BB7C /* SearchResultsController.swift in Sources */,
				9646C07C1E6CE1900068BB7C /* AppDelegate.swift in Sources */,
			);
			runOnlyForDeploymentPostprocessing = 0;
		};
		9646C0881E6CE1960068BB7C /* Sources */ = {
			isa = PBXSourcesBuildPhase;
			buildActionMask = 2147483647;
			files = (
				9646C0911E6CE1960068BB7C /* SectionsTests.swift in Sources */,
			);
			runOnlyForDeploymentPostprocessing = 0;
		};
		9646C0931E6CE1960068BB7C /* Sources */ = {
			isa = PBXSourcesBuildPhase;
			buildActionMask = 2147483647;
			files = (
				9646C09C1E6CE1960068BB7C /* SectionsUITests.swift in Sources */,
			);
			runOnlyForDeploymentPostprocessing = 0;
		};
/* End PBXSourcesBuildPhase section */

/* Begin PBXTargetDependency section */
		9646C08E1E6CE1960068BB7C /* PBXTargetDependency */ = {
			isa = PBXTargetDependency;
			target = 9646C0771E6CE18F0068BB7C /* Sections */;
			targetProxy = 9646C08D1E6CE1960068BB7C /* PBXContainerItemProxy */;
		};
		9646C0991E6CE1960068BB7C /* PBXTargetDependency */ = {
			isa = PBXTargetDependency;
			target = 9646C0771E6CE18F0068BB7C /* Sections */;
			targetProxy = 9646C0981E6CE1960068BB7C /* PBXContainerItemProxy */;
		};
/* End PBXTargetDependency section */

/* Begin PBXVariantGroup section */
		9646C07F1E6CE1920068BB7C /* Main.storyboard */ = {
			isa = PBXVariantGroup;
			children = (
				9646C0801E6CE1920068BB7C /* Base */,
			);
			name = Main.storyboard;
			sourceTree = "<group>";
		};
		9646C0841E6CE1940068BB7C /* LaunchScreen.storyboard */ = {
			isa = PBXVariantGroup;
			children = (
				9646C0851E6CE1940068BB7C /* Base */,
			);
			name = LaunchScreen.storyboard;
			sourceTree = "<group>";
		};
/* End PBXVariantGroup section */

/* Begin XCBuildConfiguration section */
		9646C09E1E6CE1960068BB7C /* Debug */ = {
			isa = XCBuildConfiguration;
			buildSettings = {
				ALWAYS_SEARCH_USER_PATHS = NO;
				CLANG_ANALYZER_NONNULL = YES;
				CLANG_CXX_LANGUAGE_STANDARD = "gnu++0x";
				CLANG_CXX_LIBRARY = "libc++";
				CLANG_ENABLE_MODULES = YES;
				CLANG_ENABLE_OBJC_ARC = YES;
				CLANG_WARN_BOOL_CONVERSION = YES;
				CLANG_WARN_CONSTANT_CONVERSION = YES;
				CLANG_WARN_DIRECT_OBJC_ISA_USAGE = YES_ERROR;
				CLANG_WARN_DOCUMENTATION_COMMENTS = YES;
				CLANG_WARN_EMPTY_BODY = YES;
				CLANG_WARN_ENUM_CONVERSION = YES;
				CLANG_WARN_INFINITE_RECURSION = YES;
				CLANG_WARN_INT_CONVERSION = YES;
				CLANG_WARN_OBJC_ROOT_CLASS = YES_ERROR;
				CLANG_WARN_SUSPICIOUS_MOVE = YES;
				CLANG_WARN_UNREACHABLE_CODE = YES;
				CLANG_WARN__DUPLICATE_METHOD_MATCH = YES;
				"CODE_SIGN_IDENTITY[sdk=iphoneos*]" = "iPhone Developer";
				COPY_PHASE_STRIP = NO;
				DEBUG_INFORMATION_FORMAT = dwarf;
				ENABLE_STRICT_OBJC_MSGSEND = YES;
				ENABLE_TESTABILITY = YES;
				GCC_C_LANGUAGE_STANDARD = gnu99;
				GCC_DYNAMIC_NO_PIC = NO;
				GCC_NO_COMMON_BLOCKS = YES;
				GCC_OPTIMIZATION_LEVEL = 0;
				GCC_PREPROCESSOR_DEFINITIONS = (
					"DEBUG=1",
					"$(inherited)",
				);
				GCC_WARN_64_TO_32_BIT_CONVERSION = YES;
				GCC_WARN_ABOUT_RETURN_TYPE = YES_ERROR;
				GCC_WARN_UNDECLARED_SELECTOR = YES;
				GCC_WARN_UNINITIALIZED_AUTOS = YES_AGGRESSIVE;
				GCC_WARN_UNUSED_FUNCTION = YES;
				GCC_WARN_UNUSED_VARIABLE = YES;
				IPHONEOS_DEPLOYMENT_TARGET = 10.2;
				MTL_ENABLE_DEBUG_INFO = YES;
				ONLY_ACTIVE_ARCH = YES;
				SDKROOT = iphoneos;
				SWIFT_ACTIVE_COMPILATION_CONDITIONS = DEBUG;
				SWIFT_OPTIMIZATION_LEVEL = "-Onone";
				TARGETED_DEVICE_FAMILY = "1,2";
			};
			name = Debug;
		};
		9646C09F1E6CE1960068BB7C /* Release */ = {
			isa = XCBuildConfiguration;
			buildSettings = {
				ALWAYS_SEARCH_USER_PATHS = NO;
				CLANG_ANALYZER_NONNULL = YES;
				CLANG_CXX_LANGUAGE_STANDARD = "gnu++0x";
				CLANG_CXX_LIBRARY = "libc++";
				CLANG_ENABLE_MODULES = YES;
				CLANG_ENABLE_OBJC_ARC = YES;
				CLANG_WARN_BOOL_CONVERSION = YES;
				CLANG_WARN_CONSTANT_CONVERSION = YES;
				CLANG_WARN_DIRECT_OBJC_ISA_USAGE = YES_ERROR;
				CLANG_WARN_DOCUMENTATION_COMMENTS = YES;
				CLANG_WARN_EMPTY_BODY = YES;
				CLANG_WARN_ENUM_CONVERSION = YES;
				CLANG_WARN_INFINITE_RECURSION = YES;
				CLANG_WARN_INT_CONVERSION = YES;
				CLANG_WARN_OBJC_ROOT_CLASS = YES_ERROR;
				CLANG_WARN_SUSPICIOUS_MOVE = YES;
				CLANG_WARN_UNREACHABLE_CODE = YES;
				CLANG_WARN__DUPLICATE_METHOD_MATCH = YES;
				"CODE_SIGN_IDENTITY[sdk=iphoneos*]" = "iPhone Developer";
				COPY_PHASE_STRIP = NO;
				DEBUG_INFORMATION_FORMAT = "dwarf-with-dsym";
				ENABLE_NS_ASSERTIONS = NO;
				ENABLE_STRICT_OBJC_MSGSEND = YES;
				GCC_C_LANGUAGE_STANDARD = gnu99;
				GCC_NO_COMMON_BLOCKS = YES;
				GCC_WARN_64_TO_32_BIT_CONVERSION = YES;
				GCC_WARN_ABOUT_RETURN_TYPE = YES_ERROR;
				GCC_WARN_UNDECLARED_SELECTOR = YES;
				GCC_WARN_UNINITIALIZED_AUTOS = YES_AGGRESSIVE;
				GCC_WARN_UNUSED_FUNCTION = YES;
				GCC_WARN_UNUSED_VARIABLE = YES;
				IPHONEOS_DEPLOYMENT_TARGET = 10.2;
				MTL_ENABLE_DEBUG_INFO = NO;
				SDKROOT = iphoneos;
				SWIFT_OPTIMIZATION_LEVEL = "-Owholemodule";
				TARGETED_DEVICE_FAMILY = "1,2";
				VALIDATE_PRODUCT = YES;
			};
			name = Release;
		};
		9646C0A11E6CE1960068BB7C /* Debug */ = {
			isa = XCBuildConfiguration;
			buildSettings = {
				ASSETCATALOG_COMPILER_APPICON_NAME = AppIcon;
				INFOPLIST_FILE = Sections/Info.plist;
				LD_RUNPATH_SEARCH_PATHS = "$(inherited) @executable_path/Frameworks";
				PRODUCT_BUNDLE_IDENTIFIER = "Jason-Mendez.Sections";
				PRODUCT_NAME = "$(TARGET_NAME)";
				SWIFT_VERSION = 3.0;
			};
			name = Debug;
		};
		9646C0A21E6CE1960068BB7C /* Release */ = {
			isa = XCBuildConfiguration;
			buildSettings = {
				ASSETCATALOG_COMPILER_APPICON_NAME = AppIcon;
				INFOPLIST_FILE = Sections/Info.plist;
				LD_RUNPATH_SEARCH_PATHS = "$(inherited) @executable_path/Frameworks";
				PRODUCT_BUNDLE_IDENTIFIER = "Jason-Mendez.Sections";
				PRODUCT_NAME = "$(TARGET_NAME)";
				SWIFT_VERSION = 3.0;
			};
			name = Release;
		};
		9646C0A41E6CE1960068BB7C /* Debug */ = {
			isa = XCBuildConfiguration;
			buildSettings = {
				ALWAYS_EMBED_SWIFT_STANDARD_LIBRARIES = YES;
				BUNDLE_LOADER = "$(TEST_HOST)";
				INFOPLIST_FILE = SectionsTests/Info.plist;
				LD_RUNPATH_SEARCH_PATHS = "$(inherited) @executable_path/Frameworks @loader_path/Frameworks";
				PRODUCT_BUNDLE_IDENTIFIER = "Jason-Mendez.SectionsTests";
				PRODUCT_NAME = "$(TARGET_NAME)";
				SWIFT_VERSION = 3.0;
				TEST_HOST = "$(BUILT_PRODUCTS_DIR)/Sections.app/Sections";
			};
			name = Debug;
		};
		9646C0A51E6CE1960068BB7C /* Release */ = {
			isa = XCBuildConfiguration;
			buildSettings = {
				ALWAYS_EMBED_SWIFT_STANDARD_LIBRARIES = YES;
				BUNDLE_LOADER = "$(TEST_HOST)";
				INFOPLIST_FILE = SectionsTests/Info.plist;
				LD_RUNPATH_SEARCH_PATHS = "$(inherited) @executable_path/Frameworks @loader_path/Frameworks";
				PRODUCT_BUNDLE_IDENTIFIER = "Jason-Mendez.SectionsTests";
				PRODUCT_NAME = "$(TARGET_NAME)";
				SWIFT_VERSION = 3.0;
				TEST_HOST = "$(BUILT_PRODUCTS_DIR)/Sections.app/Sections";
			};
			name = Release;
		};
		9646C0A71E6CE1960068BB7C /* Debug */ = {
			isa = XCBuildConfiguration;
			buildSettings = {
				ALWAYS_EMBED_SWIFT_STANDARD_LIBRARIES = YES;
				INFOPLIST_FILE = SectionsUITests/Info.plist;
				LD_RUNPATH_SEARCH_PATHS = "$(inherited) @executable_path/Frameworks @loader_path/Frameworks";
				PRODUCT_BUNDLE_IDENTIFIER = "Jason-Mendez.SectionsUITests";
				PRODUCT_NAME = "$(TARGET_NAME)";
				SWIFT_VERSION = 3.0;
				TEST_TARGET_NAME = Sections;
			};
			name = Debug;
		};
		9646C0A81E6CE1960068BB7C /* Release */ = {
			isa = XCBuildConfiguration;
			buildSettings = {
				ALWAYS_EMBED_SWIFT_STANDARD_LIBRARIES = YES;
				INFOPLIST_FILE = SectionsUITests/Info.plist;
				LD_RUNPATH_SEARCH_PATHS = "$(inherited) @executable_path/Frameworks @loader_path/Frameworks";
				PRODUCT_BUNDLE_IDENTIFIER = "Jason-Mendez.SectionsUITests";
				PRODUCT_NAME = "$(TARGET_NAME)";
				SWIFT_VERSION = 3.0;
				TEST_TARGET_NAME = Sections;
			};
			name = Release;
		};
/* End XCBuildConfiguration section */

/* Begin XCConfigurationList section */
		9646C0731E6CE18E0068BB7C /* Build configuration list for PBXProject "Sections" */ = {
			isa = XCConfigurationList;
			buildConfigurations = (
				9646C09E1E6CE1960068BB7C /* Debug */,
				9646C09F1E6CE1960068BB7C /* Release */,
			);
			defaultConfigurationIsVisible = 0;
			defaultConfigurationName = Release;
		};
		9646C0A01E6CE1960068BB7C /* Build configuration list for PBXNativeTarget "Sections" */ = {
			isa = XCConfigurationList;
			buildConfigurations = (
				9646C0A11E6CE1960068BB7C /* Debug */,
				9646C0A21E6CE1960068BB7C /* Release */,
			);
			defaultConfigurationIsVisible = 0;
		};
		9646C0A31E6CE1960068BB7C /* Build configuration list for PBXNativeTarget "SectionsTests" */ = {
			isa = XCConfigurationList;
			buildConfigurations = (
				9646C0A41E6CE1960068BB7C /* Debug */,
				9646C0A51E6CE1960068BB7C /* Release */,
			);
			defaultConfigurationIsVisible = 0;
		};
		9646C0A61E6CE1960068BB7C /* Build configuration list for PBXNativeTarget "SectionsUITests" */ = {
			isa = XCConfigurationList;
			buildConfigurations = (
				9646C0A71E6CE1960068BB7C /* Debug */,
				9646C0A81E6CE1960068BB7C /* Release */,
			);
			defaultConfigurationIsVisible = 0;
		};
/* End XCConfigurationList section */
	};
	rootObject = 9646C0701E6CE18D0068BB7C /* Project object */;
}
